
Microsoft Visual Studio Solution File, Format Version 12.00
# Visual Studio Version 16
VisualStudioVersion = 16.0.28803.452
MinimumVisualStudioVersion = 10.0.40219.1
Project("{FAE04EC0-301F-11D3-BF4B-00C04F79EFBC}") = "MessageBroker", "MessageBroker\MessageBroker.csproj", "{60A87735-7729-4F0A-80F7-0CD7D3FEAFEF}"
EndProject
Project("{FAE04EC0-301F-11D3-BF4B-00C04F79EFBC}") = "MessageShared", "MessageShared\MessageShared.csproj", "{A31670DD-B828-41C3-97C2-E781A2B4247E}"
EndProject
Project("{FAE04EC0-301F-11D3-BF4B-00C04F79EFBC}") = "MessageWebApi", "MessageWebApi\MessageWebApi.csproj", "{1DA44109-8B91-4B41-9692-384F7D43036B}"
EndProject
Project("{FAE04EC0-301F-11D3-BF4B-00C04F79EFBC}") = "WebApiShared", "WebApiShared\WebApiShared.csproj", "{390B6444-DA7C-4E6B-BC1E-DB53C4A20F59}"
EndProject
Project("{FAE04EC0-301F-11D3-BF4B-00C04F79EFBC}") = "WebApiControllers.Test", "Controllers\WebApiControllers.Test\WebApiControllers.Test.csproj", "{8EE17211-063B-4D4C-A9E4-B0C9CAEC91CC}"
EndProject
Project("{2150E333-8FDC-42A3-9474-1A3956D46DE8}") = "Test", "Test", "{B2F21F2B-B1E4-45E7-9F58-35DA5767465E}"
EndProject
Project("{FAE04EC0-301F-11D3-BF4B-00C04F79EFBC}") = "CacheEngine.Test", "CacheEngine.Test\CacheEngine.Test.csproj", "{3414406B-08C1-4A32-BFE2-BFF08BC7A949}"
EndProject
Project("{FAE04EC0-301F-11D3-BF4B-00C04F79EFBC}") = "CacheEngineShared", "CacheEngineShared\CacheEngineShared.csproj", "{59646027-EEF7-456E-A1C1-18DBD96EFC7A}"
EndProject
Project("{2150E333-8FDC-42A3-9474-1A3956D46DE8}") = "Shared", "Shared", "{898311B1-4647-4876-A68F-E9835943A222}"
EndProject
Project("{2150E333-8FDC-42A3-9474-1A3956D46DE8}") = "Pdf", "Pdf", "{528937C8-9041-4220-8C52-96E73C70D627}"
EndProject
Project("{FAE04EC0-301F-11D3-BF4B-00C04F79EFBC}") = "TuesPechkin.Wkhtmltox.Win64", "Pdf\TuesPechkin.Wkhtmltox.Win64\TuesPechkin.Wkhtmltox.Win64.csproj", "{F77CFFCA-1CF0-49C8-98B6-5C6009C6BE63}"
EndProject
Project("{FAE04EC0-301F-11D3-BF4B-00C04F79EFBC}") = "TuesPechkin.Wkhtmltox.Win32", "Pdf\TuesPechkin.Wkhtmltox.Win32\TuesPechkin.Wkhtmltox.Win32.csproj", "{1BCD70EF-32EF-4339-9CCF-EA07415A39A9}"
EndProject
Project("{FAE04EC0-301F-11D3-BF4B-00C04F79EFBC}") = "TuesPechkin", "Pdf\TuesPechkin\TuesPechkin.csproj", "{023DF833-B252-48B3-B6AF-DBBB13E39B13}"
EndProject
Project("{FAE04EC0-301F-11D3-BF4B-00C04F79EFBC}") = "TuesPechkin.TestFormsApp", "Pdf\TuesPechkin.TestFormsApp\TuesPechkin.TestFormsApp.csproj", "{35E72E2C-DE58-4ED7-9B47-5EF13860AF42}"
EndProject
Project("{FAE04EC0-301F-11D3-BF4B-00C04F79EFBC}") = "MessageBrocker.TestUdpClient", "MessageBrocker.TestUdpClient\MessageBrocker.TestUdpClient.csproj", "{A4583980-E992-4BAB-B185-78661A20C1D0}"
EndProject
Global
	GlobalSection(SolutionConfigurationPlatforms) = preSolution
		Debug|Any CPU = Debug|Any CPU
		Debug|x64 = Debug|x64
		Debug|x86 = Debug|x86
		Release|Any CPU = Release|Any CPU
		Release|x64 = Release|x64
		Release|x86 = Release|x86
		Release40|Any CPU = Release40|Any CPU
		Release40|x64 = Release40|x64
		Release40|x86 = Release40|x86
	EndGlobalSection
	GlobalSection(ProjectConfigurationPlatforms) = postSolution
		{60A87735-7729-4F0A-80F7-0CD7D3FEAFEF}.Debug|Any CPU.ActiveCfg = Debug|Any CPU
		{60A87735-7729-4F0A-80F7-0CD7D3FEAFEF}.Debug|Any CPU.Build.0 = Debug|Any CPU
		{60A87735-7729-4F0A-80F7-0CD7D3FEAFEF}.Debug|x64.ActiveCfg = Debug|Any CPU
		{60A87735-7729-4F0A-80F7-0CD7D3FEAFEF}.Debug|x64.Build.0 = Debug|Any CPU
		{60A87735-7729-4F0A-80F7-0CD7D3FEAFEF}.Debug|x86.ActiveCfg = Debug|Any CPU
		{60A87735-7729-4F0A-80F7-0CD7D3FEAFEF}.Debug|x86.Build.0 = Debug|Any CPU
		{60A87735-7729-4F0A-80F7-0CD7D3FEAFEF}.Release|Any CPU.ActiveCfg = Release|Any CPU
		{60A87735-7729-4F0A-80F7-0CD7D3FEAFEF}.Release|Any CPU.Build.0 = Release|Any CPU
		{60A87735-7729-4F0A-80F7-0CD7D3FEAFEF}.Release|x64.ActiveCfg = Release|Any CPU
		{60A87735-7729-4F0A-80F7-0CD7D3FEAFEF}.Release|x64.Build.0 = Release|Any CPU
		{60A87735-7729-4F0A-80F7-0CD7D3FEAFEF}.Release|x86.ActiveCfg = Release|Any CPU
		{60A87735-7729-4F0A-80F7-0CD7D3FEAFEF}.Release|x86.Build.0 = Release|Any CPU
		{60A87735-7729-4F0A-80F7-0CD7D3FEAFEF}.Release40|Any CPU.ActiveCfg = Release|Any CPU
		{60A87735-7729-4F0A-80F7-0CD7D3FEAFEF}.Release40|Any CPU.Build.0 = Release|Any CPU
		{60A87735-7729-4F0A-80F7-0CD7D3FEAFEF}.Release40|x64.ActiveCfg = Release|Any CPU
		{60A87735-7729-4F0A-80F7-0CD7D3FEAFEF}.Release40|x64.Build.0 = Release|Any CPU
		{60A87735-7729-4F0A-80F7-0CD7D3FEAFEF}.Release40|x86.ActiveCfg = Release|Any CPU
		{60A87735-7729-4F0A-80F7-0CD7D3FEAFEF}.Release40|x86.Build.0 = Release|Any CPU
		{A31670DD-B828-41C3-97C2-E781A2B4247E}.Debug|Any CPU.ActiveCfg = Debug|Any CPU
		{A31670DD-B828-41C3-97C2-E781A2B4247E}.Debug|Any CPU.Build.0 = Debug|Any CPU
		{A31670DD-B828-41C3-97C2-E781A2B4247E}.Debug|x64.ActiveCfg = Debug|Any CPU
		{A31670DD-B828-41C3-97C2-E781A2B4247E}.Debug|x64.Build.0 = Debug|Any CPU
		{A31670DD-B828-41C3-97C2-E781A2B4247E}.Debug|x86.ActiveCfg = Debug|Any CPU
		{A31670DD-B828-41C3-97C2-E781A2B4247E}.Debug|x86.Build.0 = Debug|Any CPU
		{A31670DD-B828-41C3-97C2-E781A2B4247E}.Release|Any CPU.ActiveCfg = Release|Any CPU
		{A31670DD-B828-41C3-97C2-E781A2B4247E}.Release|Any CPU.Build.0 = Release|Any CPU
		{A31670DD-B828-41C3-97C2-E781A2B4247E}.Release|x64.ActiveCfg = Release|Any CPU
		{A31670DD-B828-41C3-97C2-E781A2B4247E}.Release|x64.Build.0 = Release|Any CPU
		{A31670DD-B828-41C3-97C2-E781A2B4247E}.Release|x86.ActiveCfg = Release|Any CPU
		{A31670DD-B828-41C3-97C2-E781A2B4247E}.Release|x86.Build.0 = Release|Any CPU
		{A31670DD-B828-41C3-97C2-E781A2B4247E}.Release40|Any CPU.ActiveCfg = Release|Any CPU
		{A31670DD-B828-41C3-97C2-E781A2B4247E}.Release40|Any CPU.Build.0 = Release|Any CPU
		{A31670DD-B828-41C3-97C2-E781A2B4247E}.Release40|x64.ActiveCfg = Release|Any CPU
		{A31670DD-B828-41C3-97C2-E781A2B4247E}.Release40|x64.Build.0 = Release|Any CPU
		{A31670DD-B828-41C3-97C2-E781A2B4247E}.Release40|x86.ActiveCfg = Release|Any CPU
		{A31670DD-B828-41C3-97C2-E781A2B4247E}.Release40|x86.Build.0 = Release|Any CPU
		{1DA44109-8B91-4B41-9692-384F7D43036B}.Debug|Any CPU.ActiveCfg = Debug|Any CPU
		{1DA44109-8B91-4B41-9692-384F7D43036B}.Debug|Any CPU.Build.0 = Debug|Any CPU
		{1DA44109-8B91-4B41-9692-384F7D43036B}.Debug|x64.ActiveCfg = Debug|Any CPU
		{1DA44109-8B91-4B41-9692-384F7D43036B}.Debug|x86.ActiveCfg = Debug|Any CPU
		{1DA44109-8B91-4B41-9692-384F7D43036B}.Release|Any CPU.ActiveCfg = Release|Any CPU
		{1DA44109-8B91-4B41-9692-384F7D43036B}.Release|Any CPU.Build.0 = Release|Any CPU
		{1DA44109-8B91-4B41-9692-384F7D43036B}.Release|x64.ActiveCfg = Release|Any CPU
		{1DA44109-8B91-4B41-9692-384F7D43036B}.Release|x86.ActiveCfg = Release|Any CPU
		{1DA44109-8B91-4B41-9692-384F7D43036B}.Release40|Any CPU.ActiveCfg = Release|Any CPU
		{1DA44109-8B91-4B41-9692-384F7D43036B}.Release40|Any CPU.Build.0 = Release|Any CPU
		{1DA44109-8B91-4B41-9692-384F7D43036B}.Release40|x64.ActiveCfg = Release|Any CPU
		{1DA44109-8B91-4B41-9692-384F7D43036B}.Release40|x86.ActiveCfg = Release|Any CPU
		{390B6444-DA7C-4E6B-BC1E-DB53C4A20F59}.Debug|Any CPU.ActiveCfg = Debug|Any CPU
		{390B6444-DA7C-4E6B-BC1E-DB53C4A20F59}.Debug|Any CPU.Build.0 = Debug|Any CPU
		{390B6444-DA7C-4E6B-BC1E-DB53C4A20F59}.Debug|x64.ActiveCfg = Debug|Any CPU
		{390B6444-DA7C-4E6B-BC1E-DB53C4A20F59}.Debug|x86.ActiveCfg = Debug|Any CPU
		{390B6444-DA7C-4E6B-BC1E-DB53C4A20F59}.Release|Any CPU.ActiveCfg = Release|Any CPU
		{390B6444-DA7C-4E6B-BC1E-DB53C4A20F59}.Release|Any CPU.Build.0 = Release|Any CPU
		{390B6444-DA7C-4E6B-BC1E-DB53C4A20F59}.Release|x64.ActiveCfg = Release|Any CPU
		{390B6444-DA7C-4E6B-BC1E-DB53C4A20F59}.Release|x86.ActiveCfg = Release|Any CPU
		{390B6444-DA7C-4E6B-BC1E-DB53C4A20F59}.Release40|Any CPU.ActiveCfg = Release|Any CPU
		{390B6444-DA7C-4E6B-BC1E-DB53C4A20F59}.Release40|Any CPU.Build.0 = Release|Any CPU
		{390B6444-DA7C-4E6B-BC1E-DB53C4A20F59}.Release40|x64.ActiveCfg = Release|Any CPU
		{390B6444-DA7C-4E6B-BC1E-DB53C4A20F59}.Release40|x86.ActiveCfg = Release|Any CPU
		{8EE17211-063B-4D4C-A9E4-B0C9CAEC91CC}.Debug|Any CPU.ActiveCfg = Debug|Any CPU
		{8EE17211-063B-4D4C-A9E4-B0C9CAEC91CC}.Debug|Any CPU.Build.0 = Debug|Any CPU
		{8EE17211-063B-4D4C-A9E4-B0C9CAEC91CC}.Debug|x64.ActiveCfg = Debug|Any CPU
		{8EE17211-063B-4D4C-A9E4-B0C9CAEC91CC}.Debug|x64.Build.0 = Debug|Any CPU
		{8EE17211-063B-4D4C-A9E4-B0C9CAEC91CC}.Debug|x86.ActiveCfg = Debug|Any CPU
		{8EE17211-063B-4D4C-A9E4-B0C9CAEC91CC}.Debug|x86.Build.0 = Debug|Any CPU
		{8EE17211-063B-4D4C-A9E4-B0C9CAEC91CC}.Release|Any CPU.ActiveCfg = Release|Any CPU
		{8EE17211-063B-4D4C-A9E4-B0C9CAEC91CC}.Release|Any CPU.Build.0 = Release|Any CPU
		{8EE17211-063B-4D4C-A9E4-B0C9CAEC91CC}.Release|x64.ActiveCfg = Release|Any CPU
		{8EE17211-063B-4D4C-A9E4-B0C9CAEC91CC}.Release|x64.Build.0 = Release|Any CPU
		{8EE17211-063B-4D4C-A9E4-B0C9CAEC91CC}.Release|x86.ActiveCfg = Release|Any CPU
		{8EE17211-063B-4D4C-A9E4-B0C9CAEC91CC}.Release|x86.Build.0 = Release|Any CPU
		{8EE17211-063B-4D4C-A9E4-B0C9CAEC91CC}.Release40|Any CPU.ActiveCfg = Release|Any CPU
		{8EE17211-063B-4D4C-A9E4-B0C9CAEC91CC}.Release40|Any CPU.Build.0 = Release|Any CPU
		{8EE17211-063B-4D4C-A9E4-B0C9CAEC91CC}.Release40|x64.ActiveCfg = Release|Any CPU
		{8EE17211-063B-4D4C-A9E4-B0C9CAEC91CC}.Release40|x64.Build.0 = Release|Any CPU
		{8EE17211-063B-4D4C-A9E4-B0C9CAEC91CC}.Release40|x86.ActiveCfg = Release|Any CPU
		{8EE17211-063B-4D4C-A9E4-B0C9CAEC91CC}.Release40|x86.Build.0 = Release|Any CPU
		{3414406B-08C1-4A32-BFE2-BFF08BC7A949}.Debug|Any CPU.ActiveCfg = Debug|Any CPU
		{3414406B-08C1-4A32-BFE2-BFF08BC7A949}.Debug|Any CPU.Build.0 = Debug|Any CPU
		{3414406B-08C1-4A32-BFE2-BFF08BC7A949}.Debug|x64.ActiveCfg = Debug|Any CPU
		{3414406B-08C1-4A32-BFE2-BFF08BC7A949}.Debug|x64.Build.0 = Debug|Any CPU
		{3414406B-08C1-4A32-BFE2-BFF08BC7A949}.Debug|x86.ActiveCfg = Debug|Any CPU
		{3414406B-08C1-4A32-BFE2-BFF08BC7A949}.Debug|x86.Build.0 = Debug|Any CPU
		{3414406B-08C1-4A32-BFE2-BFF08BC7A949}.Release|Any CPU.ActiveCfg = Release|Any CPU
		{3414406B-08C1-4A32-BFE2-BFF08BC7A949}.Release|Any CPU.Build.0 = Release|Any CPU
		{3414406B-08C1-4A32-BFE2-BFF08BC7A949}.Release|x64.ActiveCfg = Release|Any CPU
		{3414406B-08C1-4A32-BFE2-BFF08BC7A949}.Release|x64.Build.0 = Release|Any CPU
		{3414406B-08C1-4A32-BFE2-BFF08BC7A949}.Release|x86.ActiveCfg = Release|Any CPU
		{3414406B-08C1-4A32-BFE2-BFF08BC7A949}.Release|x86.Build.0 = Release|Any CPU
		{3414406B-08C1-4A32-BFE2-BFF08BC7A949}.Release40|Any CPU.ActiveCfg = Release|Any CPU
		{3414406B-08C1-4A32-BFE2-BFF08BC7A949}.Release40|Any CPU.Build.0 = Release|Any CPU
		{3414406B-08C1-4A32-BFE2-BFF08BC7A949}.Release40|x64.ActiveCfg = Release|Any CPU
		{3414406B-08C1-4A32-BFE2-BFF08BC7A949}.Release40|x64.Build.0 = Release|Any CPU
		{3414406B-08C1-4A32-BFE2-BFF08BC7A949}.Release40|x86.ActiveCfg = Release|Any CPU
		{3414406B-08C1-4A32-BFE2-BFF08BC7A949}.Release40|x86.Build.0 = Release|Any CPU
		{59646027-EEF7-456E-A1C1-18DBD96EFC7A}.Debug|Any CPU.ActiveCfg = Debug|Any CPU
		{59646027-EEF7-456E-A1C1-18DBD96EFC7A}.Debug|Any CPU.Build.0 = Debug|Any CPU
		{59646027-EEF7-456E-A1C1-18DBD96EFC7A}.Debug|x64.ActiveCfg = Debug|Any CPU
		{59646027-EEF7-456E-A1C1-18DBD96EFC7A}.Debug|x64.Build.0 = Debug|Any CPU
		{59646027-EEF7-456E-A1C1-18DBD96EFC7A}.Debug|x86.ActiveCfg = Debug|Any CPU
		{59646027-EEF7-456E-A1C1-18DBD96EFC7A}.Debug|x86.Build.0 = Debug|Any CPU
		{59646027-EEF7-456E-A1C1-18DBD96EFC7A}.Release|Any CPU.ActiveCfg = Release|Any CPU
		{59646027-EEF7-456E-A1C1-18DBD96EFC7A}.Release|Any CPU.Build.0 = Release|Any CPU
		{59646027-EEF7-456E-A1C1-18DBD96EFC7A}.Release|x64.ActiveCfg = Release|Any CPU
		{59646027-EEF7-456E-A1C1-18DBD96EFC7A}.Release|x64.Build.0 = Release|Any CPU
		{59646027-EEF7-456E-A1C1-18DBD96EFC7A}.Release|x86.ActiveCfg = Release|Any CPU
		{59646027-EEF7-456E-A1C1-18DBD96EFC7A}.Release|x86.Build.0 = Release|Any CPU
		{59646027-EEF7-456E-A1C1-18DBD96EFC7A}.Release40|Any CPU.ActiveCfg = Release|Any CPU
		{59646027-EEF7-456E-A1C1-18DBD96EFC7A}.Release40|Any CPU.Build.0 = Release|Any CPU
		{59646027-EEF7-456E-A1C1-18DBD96EFC7A}.Release40|x64.ActiveCfg = Release|Any CPU
		{59646027-EEF7-456E-A1C1-18DBD96EFC7A}.Release40|x64.Build.0 = Release|Any CPU
		{59646027-EEF7-456E-A1C1-18DBD96EFC7A}.Release40|x86.ActiveCfg = Release|Any CPU
		{59646027-EEF7-456E-A1C1-18DBD96EFC7A}.Release40|x86.Build.0 = Release|Any CPU
		{F77CFFCA-1CF0-49C8-98B6-5C6009C6BE63}.Debug|Any CPU.ActiveCfg = Debug|x64
		{F77CFFCA-1CF0-49C8-98B6-5C6009C6BE63}.Debug|x64.ActiveCfg = Debug|x64
		{F77CFFCA-1CF0-49C8-98B6-5C6009C6BE63}.Debug|x64.Build.0 = Debug|x64
		{F77CFFCA-1CF0-49C8-98B6-5C6009C6BE63}.Debug|x86.ActiveCfg = Debug|x64
		{F77CFFCA-1CF0-49C8-98B6-5C6009C6BE63}.Release|Any CPU.ActiveCfg = Release|x64
		{F77CFFCA-1CF0-49C8-98B6-5C6009C6BE63}.Release|x64.ActiveCfg = Release|x64
		{F77CFFCA-1CF0-49C8-98B6-5C6009C6BE63}.Release|x64.Build.0 = Release|x64
		{F77CFFCA-1CF0-49C8-98B6-5C6009C6BE63}.Release|x86.ActiveCfg = Release|x64
		{F77CFFCA-1CF0-49C8-98B6-5C6009C6BE63}.Release40|Any CPU.ActiveCfg = Release|x64
		{F77CFFCA-1CF0-49C8-98B6-5C6009C6BE63}.Release40|Any CPU.Build.0 = Release|x64
		{F77CFFCA-1CF0-49C8-98B6-5C6009C6BE63}.Release40|x64.ActiveCfg = Release|x64
		{F77CFFCA-1CF0-49C8-98B6-5C6009C6BE63}.Release40|x64.Build.0 = Release|x64
		{F77CFFCA-1CF0-49C8-98B6-5C6009C6BE63}.Release40|x86.ActiveCfg = Release|x64
		{F77CFFCA-1CF0-49C8-98B6-5C6009C6BE63}.Release40|x86.Build.0 = Release|x64
		{1BCD70EF-32EF-4339-9CCF-EA07415A39A9}.Debug|Any CPU.ActiveCfg = Debug|x86
		{1BCD70EF-32EF-4339-9CCF-EA07415A39A9}.Debug|x64.ActiveCfg = Debug|x86
		{1BCD70EF-32EF-4339-9CCF-EA07415A39A9}.Debug|x86.ActiveCfg = Debug|x86
		{1BCD70EF-32EF-4339-9CCF-EA07415A39A9}.Debug|x86.Build.0 = Debug|x86
		{1BCD70EF-32EF-4339-9CCF-EA07415A39A9}.Release|Any CPU.ActiveCfg = Release|x86
		{1BCD70EF-32EF-4339-9CCF-EA07415A39A9}.Release|x64.ActiveCfg = Release|x86
		{1BCD70EF-32EF-4339-9CCF-EA07415A39A9}.Release|x86.ActiveCfg = Release|x86
		{1BCD70EF-32EF-4339-9CCF-EA07415A39A9}.Release|x86.Build.0 = Release|x86
		{1BCD70EF-32EF-4339-9CCF-EA07415A39A9}.Release40|Any CPU.ActiveCfg = Release|x86
		{1BCD70EF-32EF-4339-9CCF-EA07415A39A9}.Release40|Any CPU.Build.0 = Release|x86
		{1BCD70EF-32EF-4339-9CCF-EA07415A39A9}.Release40|x64.ActiveCfg = Release|x86
		{1BCD70EF-32EF-4339-9CCF-EA07415A39A9}.Release40|x64.Build.0 = Release|x86
		{1BCD70EF-32EF-4339-9CCF-EA07415A39A9}.Release40|x86.ActiveCfg = Release|x86
		{1BCD70EF-32EF-4339-9CCF-EA07415A39A9}.Release40|x86.Build.0 = Release|x86
		{023DF833-B252-48B3-B6AF-DBBB13E39B13}.Debug|Any CPU.ActiveCfg = Debug|Any CPU
		{023DF833-B252-48B3-B6AF-DBBB13E39B13}.Debug|Any CPU.Build.0 = Debug|Any CPU
		{023DF833-B252-48B3-B6AF-DBBB13E39B13}.Debug|x64.ActiveCfg = Debug|Any CPU
		{023DF833-B252-48B3-B6AF-DBBB13E39B13}.Debug|x64.Build.0 = Debug|Any CPU
		{023DF833-B252-48B3-B6AF-DBBB13E39B13}.Debug|x86.ActiveCfg = Debug|Any CPU
		{023DF833-B252-48B3-B6AF-DBBB13E39B13}.Debug|x86.Build.0 = Debug|Any CPU
		{023DF833-B252-48B3-B6AF-DBBB13E39B13}.Release|Any CPU.ActiveCfg = Release|Any CPU
		{023DF833-B252-48B3-B6AF-DBBB13E39B13}.Release|Any CPU.Build.0 = Release|Any CPU
		{023DF833-B252-48B3-B6AF-DBBB13E39B13}.Release|x64.ActiveCfg = Release|Any CPU
		{023DF833-B252-48B3-B6AF-DBBB13E39B13}.Release|x64.Build.0 = Release|Any CPU
		{023DF833-B252-48B3-B6AF-DBBB13E39B13}.Release|x86.ActiveCfg = Release|Any CPU
		{023DF833-B252-48B3-B6AF-DBBB13E39B13}.Release|x86.Build.0 = Release|Any CPU
		{023DF833-B252-48B3-B6AF-DBBB13E39B13}.Release40|Any CPU.ActiveCfg = Release|Any CPU
		{023DF833-B252-48B3-B6AF-DBBB13E39B13}.Release40|Any CPU.Build.0 = Release|Any CPU
		{023DF833-B252-48B3-B6AF-DBBB13E39B13}.Release40|x64.ActiveCfg = Release|Any CPU
		{023DF833-B252-48B3-B6AF-DBBB13E39B13}.Release40|x64.Build.0 = Release|Any CPU
		{023DF833-B252-48B3-B6AF-DBBB13E39B13}.Release40|x86.ActiveCfg = Release|Any CPU
		{023DF833-B252-48B3-B6AF-DBBB13E39B13}.Release40|x86.Build.0 = Release|Any CPU
		{35E72E2C-DE58-4ED7-9B47-5EF13860AF42}.Debug|Any CPU.ActiveCfg = Debug|x64
		{35E72E2C-DE58-4ED7-9B47-5EF13860AF42}.Debug|x64.ActiveCfg = Debug|x64
		{35E72E2C-DE58-4ED7-9B47-5EF13860AF42}.Debug|x64.Build.0 = Debug|x64
		{35E72E2C-DE58-4ED7-9B47-5EF13860AF42}.Debug|x86.ActiveCfg = Debug|x64
		{35E72E2C-DE58-4ED7-9B47-5EF13860AF42}.Release|Any CPU.ActiveCfg = Release|x64
		{35E72E2C-DE58-4ED7-9B47-5EF13860AF42}.Release|x64.ActiveCfg = Release|x64
		{35E72E2C-DE58-4ED7-9B47-5EF13860AF42}.Release|x64.Build.0 = Release|x64
		{35E72E2C-DE58-4ED7-9B47-5EF13860AF42}.Release|x86.ActiveCfg = Release|x64
		{35E72E2C-DE58-4ED7-9B47-5EF13860AF42}.Release40|Any CPU.ActiveCfg = Release|x64
		{35E72E2C-DE58-4ED7-9B47-5EF13860AF42}.Release40|Any CPU.Build.0 = Release|x64
		{35E72E2C-DE58-4ED7-9B47-5EF13860AF42}.Release40|x64.ActiveCfg = Release|x64
		{35E72E2C-DE58-4ED7-9B47-5EF13860AF42}.Release40|x64.Build.0 = Release|x64
		{35E72E2C-DE58-4ED7-9B47-5EF13860AF42}.Release40|x86.ActiveCfg = Release|x64
		{35E72E2C-DE58-4ED7-9B47-5EF13860AF42}.Release40|x86.Build.0 = Release|x64
		{A4583980-E992-4BAB-B185-78661A20C1D0}.Debug|Any CPU.ActiveCfg = Debug|Any CPU
		{A4583980-E992-4BAB-B185-78661A20C1D0}.Debug|Any CPU.Build.0 = Debug|Any CPU
		{A4583980-E992-4BAB-B185-78661A20C1D0}.Debug|x64.ActiveCfg = Debug|Any CPU
		{A4583980-E992-4BAB-B185-78661A20C1D0}.Debug|x64.Build.0 = Debug|Any CPU
		{A4583980-E992-4BAB-B185-78661A20C1D0}.Debug|x86.ActiveCfg = Debug|Any CPU
		{A4583980-E992-4BAB-B185-78661A20C1D0}.Debug|x86.Build.0 = Debug|Any CPU
		{A4583980-E992-4BAB-B185-78661A20C1D0}.Release|Any CPU.ActiveCfg = Release|Any CPU
		{A4583980-E992-4BAB-B185-78661A20C1D0}.Release|Any CPU.Build.0 = Release|Any CPU
		{A4583980-E992-4BAB-B185-78661A20C1D0}.Release|x64.ActiveCfg = Release|Any CPU
		{A4583980-E992-4BAB-B185-78661A20C1D0}.Release|x64.Build.0 = Release|Any CPU
		{A4583980-E992-4BAB-B185-78661A20C1D0}.Release|x86.ActiveCfg = Release|Any CPU
		{A4583980-E992-4BAB-B185-78661A20C1D0}.Release|x86.Build.0 = Release|Any CPU
		{A4583980-E992-4BAB-B185-78661A20C1D0}.Release40|Any CPU.ActiveCfg = Release|Any CPU
		{A4583980-E992-4BAB-B185-78661A20C1D0}.Release40|Any CPU.Build.0 = Release|Any CPU
		{A4583980-E992-4BAB-B185-78661A20C1D0}.Release40|x64.ActiveCfg = Release|Any CPU
		{A4583980-E992-4BAB-B185-78661A20C1D0}.Release40|x64.Build.0 = Release|Any CPU
		{A4583980-E992-4BAB-B185-78661A20C1D0}.Release40|x86.ActiveCfg = Release|Any CPU
		{A4583980-E992-4BAB-B185-78661A20C1D0}.Release40|x86.Build.0 = Release|Any CPU
	EndGlobalSection
	GlobalSection(SolutionProperties) = preSolution
		HideSolutionNode = FALSE
	EndGlobalSection
	GlobalSection(NestedProjects) = preSolution
		{A31670DD-B828-41C3-97C2-E781A2B4247E} = {898311B1-4647-4876-A68F-E9835943A222}
		{8EE17211-063B-4D4C-A9E4-B0C9CAEC91CC} = {B2F21F2B-B1E4-45E7-9F58-35DA5767465E}
		{3414406B-08C1-4A32-BFE2-BFF08BC7A949} = {B2F21F2B-B1E4-45E7-9F58-35DA5767465E}
		{59646027-EEF7-456E-A1C1-18DBD96EFC7A} = {898311B1-4647-4876-A68F-E9835943A222}
		{F77CFFCA-1CF0-49C8-98B6-5C6009C6BE63} = {528937C8-9041-4220-8C52-96E73C70D627}
		{1BCD70EF-32EF-4339-9CCF-EA07415A39A9} = {528937C8-9041-4220-8C52-96E73C70D627}
		{023DF833-B252-48B3-B6AF-DBBB13E39B13} = {528937C8-9041-4220-8C52-96E73C70D627}
		{35E72E2C-DE58-4ED7-9B47-5EF13860AF42} = {528937C8-9041-4220-8C52-96E73C70D627}
		{A4583980-E992-4BAB-B185-78661A20C1D0} = {B2F21F2B-B1E4-45E7-9F58-35DA5767465E}
	EndGlobalSection
	GlobalSection(ExtensibilityGlobals) = postSolution
		SolutionGuid = {D6CE7065-91E5-40FB-B1CD-C0D4B6FAD1E2}
	EndGlobalSection
EndGlobal
